
Microsoft Visual Studio Solution File, Format Version 12.00
Project("{FAE04EC0-301F-11D3-BF4B-00C04F79EFBC}") = "NETStandardClassLibrary", "NETStandardClassLibrary\NETStandardClassLibrary.csproj", "{4E15D87B-15F2-4143-89ED-75209AEAF7EB}"
EndProject
Project("{FAE04EC0-301F-11D3-BF4B-00C04F79EFBC}") = "NETCoreAppClassLibraryTest", "NETCoreAppClassLibraryTest\NETCoreAppClassLibraryTest.csproj", "{6C2DDEFD-D0A4-40F3-98FC-C108C2BE3F0C}"
EndProject
Global
	GlobalSection(SolutionConfigurationPlatforms) = preSolution
		Debug|Any CPU = Debug|Any CPU
		Release|Any CPU = Release|Any CPU
	EndGlobalSection
	GlobalSection(ProjectConfigurationPlatforms) = postSolution
		{4E15D87B-15F2-4143-89ED-75209AEAF7EB}.Debug|Any CPU.ActiveCfg = Debug|Any CPU
		{4E15D87B-15F2-4143-89ED-75209AEAF7EB}.Debug|Any CPU.Build.0 = Debug|Any CPU
		{4E15D87B-15F2-4143-89ED-75209AEAF7EB}.Release|Any CPU.ActiveCfg = Release|Any CPU
		{4E15D87B-15F2-4143-89ED-75209AEAF7EB}.Release|Any CPU.Build.0 = Release|Any CPU
		{6C2DDEFD-D0A4-40F3-98FC-C108C2BE3F0C}.Debug|Any CPU.ActiveCfg = Debug|Any CPU
		{6C2DDEFD-D0A4-40F3-98FC-C108C2BE3F0C}.Debug|Any CPU.Build.0 = Debug|Any CPU
		{6C2DDEFD-D0A4-40F3-98FC-C108C2BE3F0C}.Release|Any CPU.ActiveCfg = Release|Any CPU
		{6C2DDEFD-D0A4-40F3-98FC-C108C2BE3F0C}.Release|Any CPU.Build.0 = Release|Any CPU
	EndGlobalSection
EndGlobal
